
Microsoft Visual Studio Solution File, Format Version 12.00
# Visual Studio 2012
Project("{FAE04EC0-301F-11D3-BF4B-00C04F79EFBC}") = "GeometryFriends", "GeometryFriends\GeometryFriends.csproj", "{9FE863F3-8A05-43A4-81DF-43B63AC5F37F}"
EndProject
Project("{FAE04EC0-301F-11D3-BF4B-00C04F79EFBC}") = "FarseerPhysics", "FarseerPhysics\FarseerPhysics.csproj", "{A3F44BE2-0880-401F-877F-C7F28F3ADC37}"
EndProject
Project("{FAE04EC0-301F-11D3-BF4B-00C04F79EFBC}") = "RandomAgents", "RandomAgents\RandomAgents.csproj", "{E5767C25-A16F-4266-AD94-A81D3E0ABD40}"
EndProject
Project("{FAE04EC0-301F-11D3-BF4B-00C04F79EFBC}") = "SubGoalAStarAgents", "SubGoalAStarAgents\SubGoalAStarAgents.csproj", "{B4DCAFB0-B498-485A-9BA9-CE350B9743EF}"
EndProject
Project("{FAE04EC0-301F-11D3-BF4B-00C04F79EFBC}") = "RapidlyExploringRandomTreeAgents", "RapidlyExploringRandomTreeAgents\RapidlyExploringRandomTreeAgents.csproj", "{1E606404-0215-43AC-9C4A-D24CBC5769BD}"
EndProject
Project("{FAE04EC0-301F-11D3-BF4B-00C04F79EFBC}") = "AgentsWithPrediction", "AgentsWithPrediction\AgentsWithPrediction.csproj", "{503C2119-4449-49EE-B442-CCAC48722FDB}"
	ProjectSection(ProjectDependencies) = postProject
		{9FE863F3-8A05-43A4-81DF-43B63AC5F37F} = {9FE863F3-8A05-43A4-81DF-43B63AC5F37F}
	EndProjectSection
EndProject
Project("{FAE04EC0-301F-11D3-BF4B-00C04F79EFBC}") = "ReinforcementLearningAgents", "ReinforcementLearningAgents\ReinforcementLearningAgents.csproj", "{82314D53-E711-47D0-AA62-6E615045A820}"
EndProject
Global
	GlobalSection(SolutionConfigurationPlatforms) = preSolution
		Config|Any CPU = Config|Any CPU
		Config|Mixed Platforms = Config|Mixed Platforms
		Config|x86 = Config|x86
		Config|Xbox 360 = Config|Xbox 360
		Debug|Any CPU = Debug|Any CPU
		Debug|Mixed Platforms = Debug|Mixed Platforms
		Debug|x86 = Debug|x86
		Debug|Xbox 360 = Debug|Xbox 360
		Release|Any CPU = Release|Any CPU
		Release|Mixed Platforms = Release|Mixed Platforms
		Release|x86 = Release|x86
		Release|Xbox 360 = Release|Xbox 360
	EndGlobalSection
	GlobalSection(ProjectConfigurationPlatforms) = postSolution
		{9FE863F3-8A05-43A4-81DF-43B63AC5F37F}.Config|Any CPU.ActiveCfg = Release|Any CPU
		{9FE863F3-8A05-43A4-81DF-43B63AC5F37F}.Config|Any CPU.Build.0 = Release|Any CPU
		{9FE863F3-8A05-43A4-81DF-43B63AC5F37F}.Config|Mixed Platforms.ActiveCfg = Release|Any CPU
		{9FE863F3-8A05-43A4-81DF-43B63AC5F37F}.Config|Mixed Platforms.Build.0 = Release|Any CPU
		{9FE863F3-8A05-43A4-81DF-43B63AC5F37F}.Config|x86.ActiveCfg = Release|Any CPU
		{9FE863F3-8A05-43A4-81DF-43B63AC5F37F}.Config|Xbox 360.ActiveCfg = Release|Any CPU
		{9FE863F3-8A05-43A4-81DF-43B63AC5F37F}.Debug|Any CPU.ActiveCfg = Debug|Any CPU
		{9FE863F3-8A05-43A4-81DF-43B63AC5F37F}.Debug|Any CPU.Build.0 = Debug|Any CPU
		{9FE863F3-8A05-43A4-81DF-43B63AC5F37F}.Debug|Mixed Platforms.ActiveCfg = Debug|Any CPU
		{9FE863F3-8A05-43A4-81DF-43B63AC5F37F}.Debug|Mixed Platforms.Build.0 = Debug|Any CPU
		{9FE863F3-8A05-43A4-81DF-43B63AC5F37F}.Debug|x86.ActiveCfg = Debug|Any CPU
		{9FE863F3-8A05-43A4-81DF-43B63AC5F37F}.Debug|x86.Build.0 = Debug|Any CPU
		{9FE863F3-8A05-43A4-81DF-43B63AC5F37F}.Debug|Xbox 360.ActiveCfg = Debug|Any CPU
		{9FE863F3-8A05-43A4-81DF-43B63AC5F37F}.Release|Any CPU.ActiveCfg = Release|Any CPU
		{9FE863F3-8A05-43A4-81DF-43B63AC5F37F}.Release|Any CPU.Build.0 = Release|Any CPU
		{9FE863F3-8A05-43A4-81DF-43B63AC5F37F}.Release|Mixed Platforms.ActiveCfg = Release|Any CPU
		{9FE863F3-8A05-43A4-81DF-43B63AC5F37F}.Release|Mixed Platforms.Build.0 = Release|Any CPU
		{9FE863F3-8A05-43A4-81DF-43B63AC5F37F}.Release|x86.ActiveCfg = Release|Any CPU
		{9FE863F3-8A05-43A4-81DF-43B63AC5F37F}.Release|x86.Build.0 = Release|Any CPU
		{9FE863F3-8A05-43A4-81DF-43B63AC5F37F}.Release|Xbox 360.ActiveCfg = Release|Any CPU
		{A3F44BE2-0880-401F-877F-C7F28F3ADC37}.Config|Any CPU.ActiveCfg = Release|Any CPU
		{A3F44BE2-0880-401F-877F-C7F28F3ADC37}.Config|Any CPU.Build.0 = Release|Any CPU
		{A3F44BE2-0880-401F-877F-C7F28F3ADC37}.Config|Mixed Platforms.ActiveCfg = Release|Any CPU
		{A3F44BE2-0880-401F-877F-C7F28F3ADC37}.Config|Mixed Platforms.Build.0 = Release|Any CPU
		{A3F44BE2-0880-401F-877F-C7F28F3ADC37}.Config|x86.ActiveCfg = Release|Any CPU
		{A3F44BE2-0880-401F-877F-C7F28F3ADC37}.Config|Xbox 360.ActiveCfg = Release|Any CPU
		{A3F44BE2-0880-401F-877F-C7F28F3ADC37}.Debug|Any CPU.ActiveCfg = Debug|Any CPU
		{A3F44BE2-0880-401F-877F-C7F28F3ADC37}.Debug|Any CPU.Build.0 = Debug|Any CPU
		{A3F44BE2-0880-401F-877F-C7F28F3ADC37}.Debug|Mixed Platforms.ActiveCfg = Debug|Any CPU
		{A3F44BE2-0880-401F-877F-C7F28F3ADC37}.Debug|Mixed Platforms.Build.0 = Debug|Any CPU
		{A3F44BE2-0880-401F-877F-C7F28F3ADC37}.Debug|x86.ActiveCfg = Debug|Any CPU
		{A3F44BE2-0880-401F-877F-C7F28F3ADC37}.Debug|x86.Build.0 = Debug|Any CPU
		{A3F44BE2-0880-401F-877F-C7F28F3ADC37}.Debug|Xbox 360.ActiveCfg = Debug|Any CPU
		{A3F44BE2-0880-401F-877F-C7F28F3ADC37}.Release|Any CPU.ActiveCfg = Release|Any CPU
		{A3F44BE2-0880-401F-877F-C7F28F3ADC37}.Release|Any CPU.Build.0 = Release|Any CPU
		{A3F44BE2-0880-401F-877F-C7F28F3ADC37}.Release|Mixed Platforms.ActiveCfg = Release|Any CPU
		{A3F44BE2-0880-401F-877F-C7F28F3ADC37}.Release|Mixed Platforms.Build.0 = Release|Any CPU
		{A3F44BE2-0880-401F-877F-C7F28F3ADC37}.Release|x86.ActiveCfg = Release|Any CPU
		{A3F44BE2-0880-401F-877F-C7F28F3ADC37}.Release|x86.Build.0 = Release|Any CPU
		{A3F44BE2-0880-401F-877F-C7F28F3ADC37}.Release|Xbox 360.ActiveCfg = Release|Any CPU
		{E5767C25-A16F-4266-AD94-A81D3E0ABD40}.Config|Any CPU.ActiveCfg = Release|Any CPU
		{E5767C25-A16F-4266-AD94-A81D3E0ABD40}.Config|Any CPU.Build.0 = Release|Any CPU
		{E5767C25-A16F-4266-AD94-A81D3E0ABD40}.Config|Mixed Platforms.ActiveCfg = Release|Any CPU
		{E5767C25-A16F-4266-AD94-A81D3E0ABD40}.Config|Mixed Platforms.Build.0 = Release|Any CPU
		{E5767C25-A16F-4266-AD94-A81D3E0ABD40}.Config|x86.ActiveCfg = Release|Any CPU
		{E5767C25-A16F-4266-AD94-A81D3E0ABD40}.Config|Xbox 360.ActiveCfg = Release|Any CPU
		{E5767C25-A16F-4266-AD94-A81D3E0ABD40}.Debug|Any CPU.ActiveCfg = Debug|Any CPU
		{E5767C25-A16F-4266-AD94-A81D3E0ABD40}.Debug|Any CPU.Build.0 = Debug|Any CPU
		{E5767C25-A16F-4266-AD94-A81D3E0ABD40}.Debug|Mixed Platforms.ActiveCfg = Debug|Any CPU
		{E5767C25-A16F-4266-AD94-A81D3E0ABD40}.Debug|Mixed Platforms.Build.0 = Debug|Any CPU
		{E5767C25-A16F-4266-AD94-A81D3E0ABD40}.Debug|x86.ActiveCfg = Debug|Any CPU
		{E5767C25-A16F-4266-AD94-A81D3E0ABD40}.Debug|x86.Build.0 = Debug|Any CPU
		{E5767C25-A16F-4266-AD94-A81D3E0ABD40}.Debug|Xbox 360.ActiveCfg = Debug|Any CPU
		{E5767C25-A16F-4266-AD94-A81D3E0ABD40}.Release|Any CPU.ActiveCfg = Release|Any CPU
		{E5767C25-A16F-4266-AD94-A81D3E0ABD40}.Release|Any CPU.Build.0 = Release|Any CPU
		{E5767C25-A16F-4266-AD94-A81D3E0ABD40}.Release|Mixed Platforms.ActiveCfg = Release|Any CPU
		{E5767C25-A16F-4266-AD94-A81D3E0ABD40}.Release|Mixed Platforms.Build.0 = Release|Any CPU
		{E5767C25-A16F-4266-AD94-A81D3E0ABD40}.Release|x86.ActiveCfg = Release|Any CPU
		{E5767C25-A16F-4266-AD94-A81D3E0ABD40}.Release|x86.Build.0 = Release|Any CPU
		{E5767C25-A16F-4266-AD94-A81D3E0ABD40}.Release|Xbox 360.ActiveCfg = Release|Any CPU
		{B4DCAFB0-B498-485A-9BA9-CE350B9743EF}.Config|Any CPU.ActiveCfg = Release|Any CPU
		{B4DCAFB0-B498-485A-9BA9-CE350B9743EF}.Config|Any CPU.Build.0 = Release|Any CPU
		{B4DCAFB0-B498-485A-9BA9-CE350B9743EF}.Config|Mixed Platforms.ActiveCfg = Release|Any CPU
		{B4DCAFB0-B498-485A-9BA9-CE350B9743EF}.Config|Mixed Platforms.Build.0 = Release|Any CPU
		{B4DCAFB0-B498-485A-9BA9-CE350B9743EF}.Config|x86.ActiveCfg = Release|Any CPU
		{B4DCAFB0-B498-485A-9BA9-CE350B9743EF}.Config|Xbox 360.ActiveCfg = Release|Any CPU
		{B4DCAFB0-B498-485A-9BA9-CE350B9743EF}.Debug|Any CPU.ActiveCfg = Debug|Any CPU
		{B4DCAFB0-B498-485A-9BA9-CE350B9743EF}.Debug|Any CPU.Build.0 = Debug|Any CPU
		{B4DCAFB0-B498-485A-9BA9-CE350B9743EF}.Debug|Mixed Platforms.ActiveCfg = Debug|Any CPU
		{B4DCAFB0-B498-485A-9BA9-CE350B9743EF}.Debug|Mixed Platforms.Build.0 = Debug|Any CPU
		{B4DCAFB0-B498-485A-9BA9-CE350B9743EF}.Debug|x86.ActiveCfg = Debug|Any CPU
		{B4DCAFB0-B498-485A-9BA9-CE350B9743EF}.Debug|x86.Build.0 = Debug|Any CPU
		{B4DCAFB0-B498-485A-9BA9-CE350B9743EF}.Debug|Xbox 360.ActiveCfg = Debug|Any CPU
		{B4DCAFB0-B498-485A-9BA9-CE350B9743EF}.Release|Any CPU.ActiveCfg = Release|Any CPU
		{B4DCAFB0-B498-485A-9BA9-CE350B9743EF}.Release|Any CPU.Build.0 = Release|Any CPU
		{B4DCAFB0-B498-485A-9BA9-CE350B9743EF}.Release|Mixed Platforms.ActiveCfg = Release|Any CPU
		{B4DCAFB0-B498-485A-9BA9-CE350B9743EF}.Release|Mixed Platforms.Build.0 = Release|Any CPU
		{B4DCAFB0-B498-485A-9BA9-CE350B9743EF}.Release|x86.ActiveCfg = Release|Any CPU
		{B4DCAFB0-B498-485A-9BA9-CE350B9743EF}.Release|x86.Build.0 = Release|Any CPU
		{B4DCAFB0-B498-485A-9BA9-CE350B9743EF}.Release|Xbox 360.ActiveCfg = Release|Any CPU
		{1E606404-0215-43AC-9C4A-D24CBC5769BD}.Config|Any CPU.ActiveCfg = Release|Any CPU
		{1E606404-0215-43AC-9C4A-D24CBC5769BD}.Config|Any CPU.Build.0 = Release|Any CPU
		{1E606404-0215-43AC-9C4A-D24CBC5769BD}.Config|Mixed Platforms.ActiveCfg = Release|Any CPU
		{1E606404-0215-43AC-9C4A-D24CBC5769BD}.Config|Mixed Platforms.Build.0 = Release|Any CPU
		{1E606404-0215-43AC-9C4A-D24CBC5769BD}.Config|x86.ActiveCfg = Release|Any CPU
		{1E606404-0215-43AC-9C4A-D24CBC5769BD}.Config|Xbox 360.ActiveCfg = Release|Any CPU
		{1E606404-0215-43AC-9C4A-D24CBC5769BD}.Debug|Any CPU.ActiveCfg = Debug|Any CPU
		{1E606404-0215-43AC-9C4A-D24CBC5769BD}.Debug|Any CPU.Build.0 = Debug|Any CPU
		{1E606404-0215-43AC-9C4A-D24CBC5769BD}.Debug|Mixed Platforms.ActiveCfg = Debug|Any CPU
		{1E606404-0215-43AC-9C4A-D24CBC5769BD}.Debug|Mixed Platforms.Build.0 = Debug|Any CPU
		{1E606404-0215-43AC-9C4A-D24CBC5769BD}.Debug|x86.ActiveCfg = Debug|Any CPU
		{1E606404-0215-43AC-9C4A-D24CBC5769BD}.Debug|x86.Build.0 = Debug|Any CPU
		{1E606404-0215-43AC-9C4A-D24CBC5769BD}.Debug|Xbox 360.ActiveCfg = Debug|Any CPU
		{1E606404-0215-43AC-9C4A-D24CBC5769BD}.Release|Any CPU.ActiveCfg = Release|Any CPU
		{1E606404-0215-43AC-9C4A-D24CBC5769BD}.Release|Any CPU.Build.0 = Release|Any CPU
		{1E606404-0215-43AC-9C4A-D24CBC5769BD}.Release|Mixed Platforms.ActiveCfg = Release|Any CPU
		{1E606404-0215-43AC-9C4A-D24CBC5769BD}.Release|Mixed Platforms.Build.0 = Release|Any CPU
		{1E606404-0215-43AC-9C4A-D24CBC5769BD}.Release|x86.ActiveCfg = Release|Any CPU
		{1E606404-0215-43AC-9C4A-D24CBC5769BD}.Release|x86.Build.0 = Release|Any CPU
		{1E606404-0215-43AC-9C4A-D24CBC5769BD}.Release|Xbox 360.ActiveCfg = Release|Any CPU
		{503C2119-4449-49EE-B442-CCAC48722FDB}.Config|Any CPU.ActiveCfg = Release|Any CPU
		{503C2119-4449-49EE-B442-CCAC48722FDB}.Config|Any CPU.Build.0 = Release|Any CPU
		{503C2119-4449-49EE-B442-CCAC48722FDB}.Config|Mixed Platforms.ActiveCfg = Release|Any CPU
		{503C2119-4449-49EE-B442-CCAC48722FDB}.Config|Mixed Platforms.Build.0 = Release|Any CPU
		{503C2119-4449-49EE-B442-CCAC48722FDB}.Config|x86.ActiveCfg = Release|Any CPU
		{503C2119-4449-49EE-B442-CCAC48722FDB}.Config|Xbox 360.ActiveCfg = Release|Any CPU
		{503C2119-4449-49EE-B442-CCAC48722FDB}.Debug|Any CPU.ActiveCfg = Debug|Any CPU
		{503C2119-4449-49EE-B442-CCAC48722FDB}.Debug|Any CPU.Build.0 = Debug|Any CPU
		{503C2119-4449-49EE-B442-CCAC48722FDB}.Debug|Mixed Platforms.ActiveCfg = Debug|Any CPU
		{503C2119-4449-49EE-B442-CCAC48722FDB}.Debug|Mixed Platforms.Build.0 = Debug|Any CPU
		{503C2119-4449-49EE-B442-CCAC48722FDB}.Debug|x86.ActiveCfg = Debug|Any CPU
		{503C2119-4449-49EE-B442-CCAC48722FDB}.Debug|x86.Build.0 = Debug|Any CPU
		{503C2119-4449-49EE-B442-CCAC48722FDB}.Debug|Xbox 360.ActiveCfg = Debug|Any CPU
		{503C2119-4449-49EE-B442-CCAC48722FDB}.Release|Any CPU.ActiveCfg = Release|Any CPU
		{503C2119-4449-49EE-B442-CCAC48722FDB}.Release|Any CPU.Build.0 = Release|Any CPU
		{503C2119-4449-49EE-B442-CCAC48722FDB}.Release|Mixed Platforms.ActiveCfg = Release|Any CPU
		{503C2119-4449-49EE-B442-CCAC48722FDB}.Release|Mixed Platforms.Build.0 = Release|Any CPU
		{503C2119-4449-49EE-B442-CCAC48722FDB}.Release|x86.ActiveCfg = Release|Any CPU
		{503C2119-4449-49EE-B442-CCAC48722FDB}.Release|x86.Build.0 = Release|Any CPU
		{503C2119-4449-49EE-B442-CCAC48722FDB}.Release|Xbox 360.ActiveCfg = Release|Any CPU
		{82314D53-E711-47D0-AA62-6E615045A820}.Config|Any CPU.ActiveCfg = Release|Any CPU
		{82314D53-E711-47D0-AA62-6E615045A820}.Config|Any CPU.Build.0 = Release|Any CPU
		{82314D53-E711-47D0-AA62-6E615045A820}.Config|Mixed Platforms.ActiveCfg = Release|Any CPU
		{82314D53-E711-47D0-AA62-6E615045A820}.Config|Mixed Platforms.Build.0 = Release|Any CPU
		{82314D53-E711-47D0-AA62-6E615045A820}.Config|x86.ActiveCfg = Release|Any CPU
		{82314D53-E711-47D0-AA62-6E615045A820}.Config|Xbox 360.ActiveCfg = Release|Any CPU
		{82314D53-E711-47D0-AA62-6E615045A820}.Debug|Any CPU.ActiveCfg = Debug|Any CPU
		{82314D53-E711-47D0-AA62-6E615045A820}.Debug|Any CPU.Build.0 = Debug|Any CPU
		{82314D53-E711-47D0-AA62-6E615045A820}.Debug|Mixed Platforms.ActiveCfg = Debug|Any CPU
		{82314D53-E711-47D0-AA62-6E615045A820}.Debug|Mixed Platforms.Build.0 = Debug|Any CPU
		{82314D53-E711-47D0-AA62-6E615045A820}.Debug|x86.ActiveCfg = Debug|Any CPU
		{82314D53-E711-47D0-AA62-6E615045A820}.Debug|x86.Build.0 = Debug|Any CPU
		{82314D53-E711-47D0-AA62-6E615045A820}.Debug|Xbox 360.ActiveCfg = Debug|Any CPU
		{82314D53-E711-47D0-AA62-6E615045A820}.Release|Any CPU.ActiveCfg = Release|Any CPU
		{82314D53-E711-47D0-AA62-6E615045A820}.Release|Any CPU.Build.0 = Release|Any CPU
		{82314D53-E711-47D0-AA62-6E615045A820}.Release|Mixed Platforms.ActiveCfg = Release|Any CPU
		{82314D53-E711-47D0-AA62-6E615045A820}.Release|Mixed Platforms.Build.0 = Release|Any CPU
		{82314D53-E711-47D0-AA62-6E615045A820}.Release|x86.ActiveCfg = Release|Any CPU
		{82314D53-E711-47D0-AA62-6E615045A820}.Release|x86.Build.0 = Release|Any CPU
		{82314D53-E711-47D0-AA62-6E615045A820}.Release|Xbox 360.ActiveCfg = Release|Any CPU
	EndGlobalSection
	GlobalSection(SolutionProperties) = preSolution
		HideSolutionNode = FALSE
	EndGlobalSection
EndGlobal
